// !$*UTF8*$!
{
	archiveVersion = 1;
	classes = {
	};
	objectVersion = 50;
	objects = {

/* Begin PBXBuildFile section */
		BD16C35023DFA64B009247D8 /* AppDelegate.swift in Sources */ = {isa = PBXBuildFile; fileRef = BD16C34F23DFA64B009247D8 /* AppDelegate.swift */; };
		BD16C35423DFA64B009247D8 /* ViewController.swift in Sources */ = {isa = PBXBuildFile; fileRef = BD16C35323DFA64B009247D8 /* ViewController.swift */; };
		BD16C35723DFA64B009247D8 /* Main.storyboard in Resources */ = {isa = PBXBuildFile; fileRef = BD16C35523DFA64B009247D8 /* Main.storyboard */; };
		BD16C35923DFA64C009247D8 /* Assets.xcassets in Resources */ = {isa = PBXBuildFile; fileRef = BD16C35823DFA64C009247D8 /* Assets.xcassets */; };
		BD16C35C23DFA64C009247D8 /* LaunchScreen.storyboard in Resources */ = {isa = PBXBuildFile; fileRef = BD16C35A23DFA64C009247D8 /* LaunchScreen.storyboard */; };
		BD16C36723DFA79A009247D8 /* UsgsEarthquake.swift in Sources */ = {isa = PBXBuildFile; fileRef = BD16C36623DFA79A009247D8 /* UsgsEarthquake.swift */; };
		BD16C36923DFA7DC009247D8 /* UsgsApiClient.swift in Sources */ = {isa = PBXBuildFile; fileRef = BD16C36823DFA7DC009247D8 /* UsgsApiClient.swift */; };
		BD16C36B23DFA886009247D8 /* UsgsEarthquake+MKAnnotation.swift in Sources */ = {isa = PBXBuildFile; fileRef = BD16C36A23DFA886009247D8 /* UsgsEarthquake+MKAnnotation.swift */; };
		BD16C36D23DFA8D1009247D8 /* UsgsEarthquakeAnnotationView.swift in Sources */ = {isa = PBXBuildFile; fileRef = BD16C36C23DFA8D1009247D8 /* UsgsEarthquakeAnnotationView.swift */; };
		BD16C36F23DFA92E009247D8 /* UsgsEarthquakeClusterAnnotationView.swift in Sources */ = {isa = PBXBuildFile; fileRef = BD16C36E23DFA92E009247D8 /* UsgsEarthquakeClusterAnnotationView.swift */; };
		BD16C37123DFACC6009247D8 /* ViewController+Constants.swift in Sources */ = {isa = PBXBuildFile; fileRef = BD16C37023DFACC6009247D8 /* ViewController+Constants.swift */; };
		BD16C37323DFAD34009247D8 /* ViewController+Enumerations.swift in Sources */ = {isa = PBXBuildFile; fileRef = BD16C37223DFAD34009247D8 /* ViewController+Enumerations.swift */; };
		BD16C37523DFADD9009247D8 /* ViewController+UI.swift in Sources */ = {isa = PBXBuildFile; fileRef = BD16C37423DFADD9009247D8 /* ViewController+UI.swift */; };
		BD16C37723DFAE4D009247D8 /* ViewController+CLLocationManagerDelegate.swift in Sources */ = {isa = PBXBuildFile; fileRef = BD16C37623DFAE4D009247D8 /* ViewController+CLLocationManagerDelegate.swift */; };
		BD16C37B23DFB494009247D8 /* ViewController+FSM.swift in Sources */ = {isa = PBXBuildFile; fileRef = BD16C37A23DFB494009247D8 /* ViewController+FSM.swift */; };
		BD16C37D23DFB516009247D8 /* ViewController+MKMapViewDelegate.swift in Sources */ = {isa = PBXBuildFile; fileRef = BD16C37C23DFB516009247D8 /* ViewController+MKMapViewDelegate.swift */; };
		BD16C37F23DFB58D009247D8 /* ViewController+UITableViewDataSource+UITableViewDelegate.swift in Sources */ = {isa = PBXBuildFile; fileRef = BD16C37E23DFB58D009247D8 /* ViewController+UITableViewDataSource+UITableViewDelegate.swift */; };
		BD16C38223DFB867009247D8 /* MapKit.framework in Frameworks */ = {isa = PBXBuildFile; fileRef = BD16C38123DFB867009247D8 /* MapKit.framework */; };
/* End PBXBuildFile section */

/* Begin PBXFileReference section */
		BD16C34C23DFA64B009247D8 /* RecentQuakes.app */ = {isa = PBXFileReference; explicitFileType = wrapper.application; includeInIndex = 0; path = RecentQuakes.app; sourceTree = BUILT_PRODUCTS_DIR; };
		BD16C34F23DFA64B009247D8 /* AppDelegate.swift */ = {isa = PBXFileReference; lastKnownFileType = sourcecode.swift; path = AppDelegate.swift; sourceTree = "<group>"; };
		BD16C35323DFA64B009247D8 /* ViewController.swift */ = {isa = PBXFileReference; lastKnownFileType = sourcecode.swift; path = ViewController.swift; sourceTree = "<group>"; };
		BD16C35623DFA64B009247D8 /* Base */ = {isa = PBXFileReference; lastKnownFileType = file.storyboard; name = Base; path = Base.lproj/Main.storyboard; sourceTree = "<group>"; };
		BD16C35823DFA64C009247D8 /* Assets.xcassets */ = {isa = PBXFileReference; lastKnownFileType = folder.assetcatalog; path = Assets.xcassets; sourceTree = "<group>"; };
		BD16C35B23DFA64C009247D8 /* Base */ = {isa = PBXFileReference; lastKnownFileType = file.storyboard; name = Base; path = Base.lproj/LaunchScreen.storyboard; sourceTree = "<group>"; };
		BD16C35D23DFA64C009247D8 /* Info.plist */ = {isa = PBXFileReference; lastKnownFileType = text.plist.xml; path = Info.plist; sourceTree = "<group>"; };
		BD16C36623DFA79A009247D8 /* UsgsEarthquake.swift */ = {isa = PBXFileReference; lastKnownFileType = sourcecode.swift; path = UsgsEarthquake.swift; sourceTree = "<group>"; };
		BD16C36823DFA7DC009247D8 /* UsgsApiClient.swift */ = {isa = PBXFileReference; lastKnownFileType = sourcecode.swift; path = UsgsApiClient.swift; sourceTree = "<group>"; };
		BD16C36A23DFA886009247D8 /* UsgsEarthquake+MKAnnotation.swift */ = {isa = PBXFileReference; lastKnownFileType = sourcecode.swift; path = "UsgsEarthquake+MKAnnotation.swift"; sourceTree = "<group>"; };
		BD16C36C23DFA8D1009247D8 /* UsgsEarthquakeAnnotationView.swift */ = {isa = PBXFileReference; lastKnownFileType = sourcecode.swift; path = UsgsEarthquakeAnnotationView.swift; sourceTree = "<group>"; };
		BD16C36E23DFA92E009247D8 /* UsgsEarthquakeClusterAnnotationView.swift */ = {isa = PBXFileReference; lastKnownFileType = sourcecode.swift; path = UsgsEarthquakeClusterAnnotationView.swift; sourceTree = "<group>"; };
		BD16C37023DFACC6009247D8 /* ViewController+Constants.swift */ = {isa = PBXFileReference; lastKnownFileType = sourcecode.swift; path = "ViewController+Constants.swift"; sourceTree = "<group>"; };
		BD16C37223DFAD34009247D8 /* ViewController+Enumerations.swift */ = {isa = PBXFileReference; lastKnownFileType = sourcecode.swift; path = "ViewController+Enumerations.swift"; sourceTree = "<group>"; };
		BD16C37423DFADD9009247D8 /* ViewController+UI.swift */ = {isa = PBXFileReference; lastKnownFileType = sourcecode.swift; path = "ViewController+UI.swift"; sourceTree = "<group>"; };
		BD16C37623DFAE4D009247D8 /* ViewController+CLLocationManagerDelegate.swift */ = {isa = PBXFileReference; lastKnownFileType = sourcecode.swift; path = "ViewController+CLLocationManagerDelegate.swift"; sourceTree = "<group>"; };
		BD16C37A23DFB494009247D8 /* ViewController+FSM.swift */ = {isa = PBXFileReference; lastKnownFileType = sourcecode.swift; path = "ViewController+FSM.swift"; sourceTree = "<group>"; };
		BD16C37C23DFB516009247D8 /* ViewController+MKMapViewDelegate.swift */ = {isa = PBXFileReference; lastKnownFileType = sourcecode.swift; path = "ViewController+MKMapViewDelegate.swift"; sourceTree = "<group>"; };
		BD16C37E23DFB58D009247D8 /* ViewController+UITableViewDataSource+UITableViewDelegate.swift */ = {isa = PBXFileReference; lastKnownFileType = sourcecode.swift; path = "ViewController+UITableViewDataSource+UITableViewDelegate.swift"; sourceTree = "<group>"; };
		BD16C38123DFB867009247D8 /* MapKit.framework */ = {isa = PBXFileReference; lastKnownFileType = wrapper.framework; name = MapKit.framework; path = System/Library/Frameworks/MapKit.framework; sourceTree = SDKROOT; };
/* End PBXFileReference section */

/* Begin PBXFrameworksBuildPhase section */
		BD16C34923DFA64B009247D8 /* Frameworks */ = {
			isa = PBXFrameworksBuildPhase;
			buildActionMask = 2147483647;
			files = (
				BD16C38223DFB867009247D8 /* MapKit.framework in Frameworks */,
			);
			runOnlyForDeploymentPostprocessing = 0;
		};
/* End PBXFrameworksBuildPhase section */

/* Begin PBXGroup section */
		BD16C34323DFA64B009247D8 = {
			isa = PBXGroup;
			children = (
				BD16C34E23DFA64B009247D8 /* RecentQuakes */,
				BD16C34D23DFA64B009247D8 /* Products */,
				BD16C38023DFB867009247D8 /* Frameworks */,
			);
			sourceTree = "<group>";
		};
		BD16C34D23DFA64B009247D8 /* Products */ = {
			isa = PBXGroup;
			children = (
				BD16C34C23DFA64B009247D8 /* RecentQuakes.app */,
			);
			name = Products;
			sourceTree = "<group>";
		};
		BD16C34E23DFA64B009247D8 /* RecentQuakes */ = {
			isa = PBXGroup;
			children = (
				BD16C36523DFA76A009247D8 /* Map */,
				BD16C36323DFA726009247D8 /* Model */,
				BD16C36423DFA745009247D8 /* Network */,
				BD16C34F23DFA64B009247D8 /* AppDelegate.swift */,
				BD16C35323DFA64B009247D8 /* ViewController.swift */,
				BD16C37023DFACC6009247D8 /* ViewController+Constants.swift */,
				BD16C37623DFAE4D009247D8 /* ViewController+CLLocationManagerDelegate.swift */,
				BD16C37223DFAD34009247D8 /* ViewController+Enumerations.swift */,
				BD16C37A23DFB494009247D8 /* ViewController+FSM.swift */,
				BD16C37C23DFB516009247D8 /* ViewController+MKMapViewDelegate.swift */,
				BD16C37423DFADD9009247D8 /* ViewController+UI.swift */,
				BD16C37E23DFB58D009247D8 /* ViewController+UITableViewDataSource+UITableViewDelegate.swift */,
				BD16C35523DFA64B009247D8 /* Main.storyboard */,
				BD16C35823DFA64C009247D8 /* Assets.xcassets */,
				BD16C35A23DFA64C009247D8 /* LaunchScreen.storyboard */,
				BD16C35D23DFA64C009247D8 /* Info.plist */,
			);
			path = RecentQuakes;
			sourceTree = "<group>";
		};
		BD16C36323DFA726009247D8 /* Model */ = {
			isa = PBXGroup;
			children = (
				BD16C36623DFA79A009247D8 /* UsgsEarthquake.swift */,
			);
			path = Model;
			sourceTree = "<group>";
		};
		BD16C36423DFA745009247D8 /* Network */ = {
			isa = PBXGroup;
			children = (
				BD16C36823DFA7DC009247D8 /* UsgsApiClient.swift */,
			);
			path = Network;
			sourceTree = "<group>";
		};
		BD16C36523DFA76A009247D8 /* Map */ = {
			isa = PBXGroup;
			children = (
				BD16C36A23DFA886009247D8 /* UsgsEarthquake+MKAnnotation.swift */,
				BD16C36C23DFA8D1009247D8 /* UsgsEarthquakeAnnotationView.swift */,
				BD16C36E23DFA92E009247D8 /* UsgsEarthquakeClusterAnnotationView.swift */,
			);
			path = Map;
			sourceTree = "<group>";
		};
		BD16C38023DFB867009247D8 /* Frameworks */ = {
			isa = PBXGroup;
			children = (
				BD16C38123DFB867009247D8 /* MapKit.framework */,
			);
			name = Frameworks;
			sourceTree = "<group>";
		};
/* End PBXGroup section */

/* Begin PBXNativeTarget section */
		BD16C34B23DFA64B009247D8 /* RecentQuakes */ = {
			isa = PBXNativeTarget;
			buildConfigurationList = BD16C36023DFA64C009247D8 /* Build configuration list for PBXNativeTarget "RecentQuakes" */;
			buildPhases = (
				BD16C34823DFA64B009247D8 /* Sources */,
				BD16C34923DFA64B009247D8 /* Frameworks */,
				BD16C34A23DFA64B009247D8 /* Resources */,
			);
			buildRules = (
			);
			dependencies = (
			);
			name = RecentQuakes;
			productName = RecentQuakes;
			productReference = BD16C34C23DFA64B009247D8 /* RecentQuakes.app */;
			productType = "com.apple.product-type.application";
		};
/* End PBXNativeTarget section */

/* Begin PBXProject section */
		BD16C34423DFA64B009247D8 /* Project object */ = {
			isa = PBXProject;
			attributes = {
				LastSwiftUpdateCheck = 1130;
				LastUpgradeCheck = 1130;
				ORGANIZATIONNAME = "Ryan Hiroaki Tsukamoto";
				TargetAttributes = {
					BD16C34B23DFA64B009247D8 = {
						CreatedOnToolsVersion = 11.3.1;
					};
				};
			};
			buildConfigurationList = BD16C34723DFA64B009247D8 /* Build configuration list for PBXProject "RecentQuakes" */;
			compatibilityVersion = "Xcode 9.3";
			developmentRegion = en;
			hasScannedForEncodings = 0;
			knownRegions = (
				en,
				Base,
			);
			mainGroup = BD16C34323DFA64B009247D8;
			productRefGroup = BD16C34D23DFA64B009247D8 /* Products */;
			projectDirPath = "";
			projectRoot = "";
			targets = (
				BD16C34B23DFA64B009247D8 /* RecentQuakes */,
			);
		};
/* End PBXProject section */

/* Begin PBXResourcesBuildPhase section */
		BD16C34A23DFA64B009247D8 /* Resources */ = {
			isa = PBXResourcesBuildPhase;
			buildActionMask = 2147483647;
			files = (
				BD16C35C23DFA64C009247D8 /* LaunchScreen.storyboard in Resources */,
				BD16C35923DFA64C009247D8 /* Assets.xcassets in Resources */,
				BD16C35723DFA64B009247D8 /* Main.storyboard in Resources */,
			);
			runOnlyForDeploymentPostprocessing = 0;
		};
/* End PBXResourcesBuildPhase section */

/* Begin PBXSourcesBuildPhase section */
		BD16C34823DFA64B009247D8 /* Sources */ = {
			isa = PBXSourcesBuildPhase;
			buildActionMask = 2147483647;
			files = (
				BD16C37723DFAE4D009247D8 /* ViewController+CLLocationManagerDelegate.swift in Sources */,
				BD16C37123DFACC6009247D8 /* ViewController+Constants.swift in Sources */,
				BD16C36F23DFA92E009247D8 /* UsgsEarthquakeClusterAnnotationView.swift in Sources */,
				BD16C37B23DFB494009247D8 /* ViewController+FSM.swift in Sources */,
				BD16C37D23DFB516009247D8 /* ViewController+MKMapViewDelegate.swift in Sources */,
				BD16C35423DFA64B009247D8 /* ViewController.swift in Sources */,
				BD16C36923DFA7DC009247D8 /* UsgsApiClient.swift in Sources */,
				BD16C36D23DFA8D1009247D8 /* UsgsEarthquakeAnnotationView.swift in Sources */,
				BD16C37323DFAD34009247D8 /* ViewController+Enumerations.swift in Sources */,
				BD16C36B23DFA886009247D8 /* UsgsEarthquake+MKAnnotation.swift in Sources */,
				BD16C37F23DFB58D009247D8 /* ViewController+UITableViewDataSource+UITableViewDelegate.swift in Sources */,
				BD16C36723DFA79A009247D8 /* UsgsEarthquake.swift in Sources */,
				BD16C37523DFADD9009247D8 /* ViewController+UI.swift in Sources */,
				BD16C35023DFA64B009247D8 /* AppDelegate.swift in Sources */,
			);
			runOnlyForDeploymentPostprocessing = 0;
		};
/* End PBXSourcesBuildPhase section */

/* Begin PBXVariantGroup section */
		BD16C35523DFA64B009247D8 /* Main.storyboard */ = {
			isa = PBXVariantGroup;
			children = (
				BD16C35623DFA64B009247D8 /* Base */,
			);
			name = Main.storyboard;
			sourceTree = "<group>";
		};
		BD16C35A23DFA64C009247D8 /* LaunchScreen.storyboard */ = {
			isa = PBXVariantGroup;
			children = (
				BD16C35B23DFA64C009247D8 /* Base */,
			);
			name = LaunchScreen.storyboard;
			sourceTree = "<group>";
		};
/* End PBXVariantGroup section */

/* Begin XCBuildConfiguration section */
		BD16C35E23DFA64C009247D8 /* Debug */ = {
			isa = XCBuildConfiguration;
			buildSettings = {
				ALWAYS_SEARCH_USER_PATHS = NO;
				CLANG_ANALYZER_NONNULL = YES;
				CLANG_ANALYZER_NUMBER_OBJECT_CONVERSION = YES_AGGRESSIVE;
				CLANG_CXX_LANGUAGE_STANDARD = "gnu++14";
				CLANG_CXX_LIBRARY = "libc++";
				CLANG_ENABLE_MODULES = YES;
				CLANG_ENABLE_OBJC_ARC = YES;
				CLANG_ENABLE_OBJC_WEAK = YES;
				CLANG_WARN_BLOCK_CAPTURE_AUTORELEASING = YES;
				CLANG_WARN_BOOL_CONVERSION = YES;
				CLANG_WARN_COMMA = YES;
				CLANG_WARN_CONSTANT_CONVERSION = YES;
				CLANG_WARN_DEPRECATED_OBJC_IMPLEMENTATIONS = YES;
				CLANG_WARN_DIRECT_OBJC_ISA_USAGE = YES_ERROR;
				CLANG_WARN_DOCUMENTATION_COMMENTS = YES;
				CLANG_WARN_EMPTY_BODY = YES;
				CLANG_WARN_ENUM_CONVERSION = YES;
				CLANG_WARN_INFINITE_RECURSION = YES;
				CLANG_WARN_INT_CONVERSION = YES;
				CLANG_WARN_NON_LITERAL_NULL_CONVERSION = YES;
				CLANG_WARN_OBJC_IMPLICIT_RETAIN_SELF = YES;
				CLANG_WARN_OBJC_LITERAL_CONVERSION = YES;
				CLANG_WARN_OBJC_ROOT_CLASS = YES_ERROR;
				CLANG_WARN_RANGE_LOOP_ANALYSIS = YES;
				CLANG_WARN_STRICT_PROTOTYPES = YES;
				CLANG_WARN_SUSPICIOUS_MOVE = YES;
				CLANG_WARN_UNGUARDED_AVAILABILITY = YES_AGGRESSIVE;
				CLANG_WARN_UNREACHABLE_CODE = YES;
				CLANG_WARN__DUPLICATE_METHOD_MATCH = YES;
				COPY_PHASE_STRIP = NO;
				DEBUG_INFORMATION_FORMAT = dwarf;
				ENABLE_STRICT_OBJC_MSGSEND = YES;
				ENABLE_TESTABILITY = YES;
				GCC_C_LANGUAGE_STANDARD = gnu11;
				GCC_DYNAMIC_NO_PIC = NO;
				GCC_NO_COMMON_BLOCKS = YES;
				GCC_OPTIMIZATION_LEVEL = 0;
				GCC_PREPROCESSOR_DEFINITIONS = (
					"DEBUG=1",
					"$(inherited)",
				);
				GCC_WARN_64_TO_32_BIT_CONVERSION = YES;
				GCC_WARN_ABOUT_RETURN_TYPE = YES_ERROR;
				GCC_WARN_UNDECLARED_SELECTOR = YES;
				GCC_WARN_UNINITIALIZED_AUTOS = YES_AGGRESSIVE;
				GCC_WARN_UNUSED_FUNCTION = YES;
				GCC_WARN_UNUSED_VARIABLE = YES;
				IPHONEOS_DEPLOYMENT_TARGET = 13.2;
				MTL_ENABLE_DEBUG_INFO = INCLUDE_SOURCE;
				MTL_FAST_MATH = YES;
				ONLY_ACTIVE_ARCH = YES;
				SDKROOT = iphoneos;
				SWIFT_ACTIVE_COMPILATION_CONDITIONS = DEBUG;
				SWIFT_OPTIMIZATION_LEVEL = "-Onone";
			};
			name = Debug;
		};
		BD16C35F23DFA64C009247D8 /* Release */ = {
			isa = XCBuildConfiguration;
			buildSettings = {
				ALWAYS_SEARCH_USER_PATHS = NO;
				CLANG_ANALYZER_NONNULL = YES;
				CLANG_ANALYZER_NUMBER_OBJECT_CONVERSION = YES_AGGRESSIVE;
				CLANG_CXX_LANGUAGE_STANDARD = "gnu++14";
				CLANG_CXX_LIBRARY = "libc++";
				CLANG_ENABLE_MODULES = YES;
				CLANG_ENABLE_OBJC_ARC = YES;
				CLANG_ENABLE_OBJC_WEAK = YES;
				CLANG_WARN_BLOCK_CAPTURE_AUTORELEASING = YES;
				CLANG_WARN_BOOL_CONVERSION = YES;
				CLANG_WARN_COMMA = YES;
				CLANG_WARN_CONSTANT_CONVERSION = YES;
				CLANG_WARN_DEPRECATED_OBJC_IMPLEMENTATIONS = YES;
				CLANG_WARN_DIRECT_OBJC_ISA_USAGE = YES_ERROR;
				CLANG_WARN_DOCUMENTATION_COMMENTS = YES;
				CLANG_WARN_EMPTY_BODY = YES;
				CLANG_WARN_ENUM_CONVERSION = YES;
				CLANG_WARN_INFINITE_RECURSION = YES;
				CLANG_WARN_INT_CONVERSION = YES;
				CLANG_WARN_NON_LITERAL_NULL_CONVERSION = YES;
				CLANG_WARN_OBJC_IMPLICIT_RETAIN_SELF = YES;
				CLANG_WARN_OBJC_LITERAL_CONVERSION = YES;
				CLANG_WARN_OBJC_ROOT_CLASS = YES_ERROR;
				CLANG_WARN_RANGE_LOOP_ANALYSIS = YES;
				CLANG_WARN_STRICT_PROTOTYPES = YES;
				CLANG_WARN_SUSPICIOUS_MOVE = YES;
				CLANG_WARN_UNGUARDED_AVAILABILITY = YES_AGGRESSIVE;
				CLANG_WARN_UNREACHABLE_CODE = YES;
				CLANG_WARN__DUPLICATE_METHOD_MATCH = YES;
				COPY_PHASE_STRIP = NO;
				DEBUG_INFORMATION_FORMAT = "dwarf-with-dsym";
				ENABLE_NS_ASSERTIONS = NO;
				ENABLE_STRICT_OBJC_MSGSEND = YES;
				GCC_C_LANGUAGE_STANDARD = gnu11;
				GCC_NO_COMMON_BLOCKS = YES;
				GCC_WARN_64_TO_32_BIT_CONVERSION = YES;
				GCC_WARN_ABOUT_RETURN_TYPE = YES_ERROR;
				GCC_WARN_UNDECLARED_SELECTOR = YES;
				GCC_WARN_UNINITIALIZED_AUTOS = YES_AGGRESSIVE;
				GCC_WARN_UNUSED_FUNCTION = YES;
				GCC_WARN_UNUSED_VARIABLE = YES;
				IPHONEOS_DEPLOYMENT_TARGET = 13.2;
				MTL_ENABLE_DEBUG_INFO = NO;
				MTL_FAST_MATH = YES;
				SDKROOT = iphoneos;
				SWIFT_COMPILATION_MODE = wholemodule;
				SWIFT_OPTIMIZATION_LEVEL = "-O";
				VALIDATE_PRODUCT = YES;
			};
			name = Release;
		};
		BD16C36123DFA64C009247D8 /* Debug */ = {
			isa = XCBuildConfiguration;
			buildSettings = {
				ASSETCATALOG_COMPILER_APPICON_NAME = AppIcon;
				CODE_SIGN_STYLE = Automatic;
				DEVELOPMENT_TEAM = 42533R2QMN;
				INFOPLIST_FILE = RecentQuakes/Info.plist;
				IPHONEOS_DEPLOYMENT_TARGET = 11.0;
				LD_RUNPATH_SEARCH_PATHS = (
					"$(inherited)",
					"@executable_path/Frameworks",
				);
				PRODUCT_BUNDLE_IDENTIFIER = com.treesquaredtechnologies.RecentQuakes;
				PRODUCT_NAME = "$(TARGET_NAME)";
				SWIFT_VERSION = 5.0;
				TARGETED_DEVICE_FAMILY = "1,2";
			};
			name = Debug;
		};
		BD16C36223DFA64C009247D8 /* Release */ = {
			isa = XCBuildConfiguration;
			buildSettings = {
				ASSETCATALOG_COMPILER_APPICON_NAME = AppIcon;
				CODE_SIGN_STYLE = Automatic;
				DEVELOPMENT_TEAM = 42533R2QMN;
				INFOPLIST_FILE = RecentQuakes/Info.plist;
				IPHONEOS_DEPLOYMENT_TARGET = 11.0;
				LD_RUNPATH_SEARCH_PATHS = (
					"$(inherited)",
					"@executable_path/Frameworks",
				);
				PRODUCT_BUNDLE_IDENTIFIER = com.treesquaredtechnologies.RecentQuakes;
				PRODUCT_NAME = "$(TARGET_NAME)";
				SWIFT_VERSION = 5.0;
				TARGETED_DEVICE_FAMILY = "1,2";
			};
			name = Release;
		};
/* End XCBuildConfiguration section */

/* Begin XCConfigurationList section */
		BD16C34723DFA64B009247D8 /* Build configuration list for PBXProject "RecentQuakes" */ = {
			isa = XCConfigurationList;
			buildConfigurations = (
				BD16C35E23DFA64C009247D8 /* Debug */,
				BD16C35F23DFA64C009247D8 /* Release */,
			);
			defaultConfigurationIsVisible = 0;
			defaultConfigurationName = Release;
		};
		BD16C36023DFA64C009247D8 /* Build configuration list for PBXNativeTarget "RecentQuakes" */ = {
			isa = XCConfigurationList;
			buildConfigurations = (
				BD16C36123DFA64C009247D8 /* Debug */,
				BD16C36223DFA64C009247D8 /* Release */,
			);
			defaultConfigurationIsVisible = 0;
			defaultConfigurationName = Release;
		};
/* End XCConfigurationList section */
	};
	rootObject = BD16C34423DFA64B009247D8 /* Project object */;
}
